// !$*UTF8*$!
{
	archiveVersion = 1;
	classes = {
	};
	objectVersion = 51;
	objects = {

/* Begin PBXBuildFile section */
		460D5BB3F4C954CC787E7021 /* Pods_admod.framework in Frameworks */ = {isa = PBXBuildFile; fileRef = 187016E5CC49EFCCD84CAEAD /* Pods_admod.framework */; };
		82578D81247E635D0023CDA6 /* AppDelegate.swift in Sources */ = {isa = PBXBuildFile; fileRef = 82578D80247E635D0023CDA6 /* AppDelegate.swift */; };
		82578D85247E635D0023CDA6 /* ViewController.swift in Sources */ = {isa = PBXBuildFile; fileRef = 82578D84247E635D0023CDA6 /* ViewController.swift */; };
		82578D88247E635D0023CDA6 /* Main.storyboard in Resources */ = {isa = PBXBuildFile; fileRef = 82578D86247E635D0023CDA6 /* Main.storyboard */; };
		82578D8A247E635F0023CDA6 /* Assets.xcassets in Resources */ = {isa = PBXBuildFile; fileRef = 82578D89247E635F0023CDA6 /* Assets.xcassets */; };
		82578D8D247E635F0023CDA6 /* LaunchScreen.storyboard in Resources */ = {isa = PBXBuildFile; fileRef = 82578D8B247E635F0023CDA6 /* LaunchScreen.storyboard */; };
/* End PBXBuildFile section */

/* Begin PBXFileReference section */
		187016E5CC49EFCCD84CAEAD /* Pods_admod.framework */ = {isa = PBXFileReference; explicitFileType = wrapper.framework; includeInIndex = 0; path = Pods_admod.framework; sourceTree = BUILT_PRODUCTS_DIR; };
		27200117549FBD0A0E2EE0A5 /* Pods-admod.release.xcconfig */ = {isa = PBXFileReference; includeInIndex = 1; lastKnownFileType = text.xcconfig; name = "Pods-admod.release.xcconfig"; path = "Target Support Files/Pods-admod/Pods-admod.release.xcconfig"; sourceTree = "<group>"; };
		644645EC531500F0CF5975B5 /* Pods-admod.debug.xcconfig */ = {isa = PBXFileReference; includeInIndex = 1; lastKnownFileType = text.xcconfig; name = "Pods-admod.debug.xcconfig"; path = "Target Support Files/Pods-admod/Pods-admod.debug.xcconfig"; sourceTree = "<group>"; };
		82578D7D247E635D0023CDA6 /* admod.app */ = {isa = PBXFileReference; explicitFileType = wrapper.application; includeInIndex = 0; path = admod.app; sourceTree = BUILT_PRODUCTS_DIR; };
		82578D80247E635D0023CDA6 /* AppDelegate.swift */ = {isa = PBXFileReference; lastKnownFileType = sourcecode.swift; path = AppDelegate.swift; sourceTree = "<group>"; };
		82578D84247E635D0023CDA6 /* ViewController.swift */ = {isa = PBXFileReference; lastKnownFileType = sourcecode.swift; path = ViewController.swift; sourceTree = "<group>"; };
		82578D87247E635D0023CDA6 /* Base */ = {isa = PBXFileReference; lastKnownFileType = file.storyboard; name = Base; path = Base.lproj/Main.storyboard; sourceTree = "<group>"; };
		82578D89247E635F0023CDA6 /* Assets.xcassets */ = {isa = PBXFileReference; lastKnownFileType = folder.assetcatalog; path = Assets.xcassets; sourceTree = "<group>"; };
		82578D8C247E635F0023CDA6 /* Base */ = {isa = PBXFileReference; lastKnownFileType = file.storyboard; name = Base; path = Base.lproj/LaunchScreen.storyboard; sourceTree = "<group>"; };
		82578D8E247E635F0023CDA6 /* Info.plist */ = {isa = PBXFileReference; lastKnownFileType = text.plist.xml; path = Info.plist; sourceTree = "<group>"; };
/* End PBXFileReference section */

/* Begin PBXFrameworksBuildPhase section */
		82578D7A247E635D0023CDA6 /* Frameworks */ = {
			isa = PBXFrameworksBuildPhase;
			buildActionMask = 2147483647;
			files = (
				460D5BB3F4C954CC787E7021 /* Pods_admod.framework in Frameworks */,
			);
			runOnlyForDeploymentPostprocessing = 0;
		};
/* End PBXFrameworksBuildPhase section */

/* Begin PBXGroup section */
		82578D74247E635D0023CDA6 = {
			isa = PBXGroup;
			children = (
				82578D7F247E635D0023CDA6 /* admod */,
				82578D7E247E635D0023CDA6 /* Products */,
				FC2A903C3E7FDB0228FB963D /* Pods */,
				AEF5D6E0C77A174DD8736851 /* Frameworks */,
			);
			sourceTree = "<group>";
		};
		82578D7E247E635D0023CDA6 /* Products */ = {
			isa = PBXGroup;
			children = (
				82578D7D247E635D0023CDA6 /* admod.app */,
			);
			name = Products;
			sourceTree = "<group>";
		};
		82578D7F247E635D0023CDA6 /* admod */ = {
			isa = PBXGroup;
			children = (
				82578D80247E635D0023CDA6 /* AppDelegate.swift */,
				82578D84247E635D0023CDA6 /* ViewController.swift */,
				82578D86247E635D0023CDA6 /* Main.storyboard */,
				82578D89247E635F0023CDA6 /* Assets.xcassets */,
				82578D8B247E635F0023CDA6 /* LaunchScreen.storyboard */,
				82578D8E247E635F0023CDA6 /* Info.plist */,
			);
			path = admod;
			sourceTree = "<group>";
		};
		AEF5D6E0C77A174DD8736851 /* Frameworks */ = {
			isa = PBXGroup;
			children = (
				187016E5CC49EFCCD84CAEAD /* Pods_admod.framework */,
			);
			name = Frameworks;
			sourceTree = "<group>";
		};
		FC2A903C3E7FDB0228FB963D /* Pods */ = {
			isa = PBXGroup;
			children = (
				644645EC531500F0CF5975B5 /* Pods-admod.debug.xcconfig */,
				27200117549FBD0A0E2EE0A5 /* Pods-admod.release.xcconfig */,
			);
			path = Pods;
			sourceTree = "<group>";
		};
/* End PBXGroup section */

/* Begin PBXNativeTarget section */
		82578D7C247E635D0023CDA6 /* admod */ = {
			isa = PBXNativeTarget;
			buildConfigurationList = 82578D91247E635F0023CDA6 /* Build configuration list for PBXNativeTarget "admod" */;
			buildPhases = (
				FE4A7776A3F3C585F2F0F771 /* [CP] Check Pods Manifest.lock */,
				82578D79247E635D0023CDA6 /* Sources */,
				82578D7A247E635D0023CDA6 /* Frameworks */,
				82578D7B247E635D0023CDA6 /* Resources */,
				7A1BB9A33C9A0D528DAF20F6 /* [CP] Embed Pods Frameworks */,
			);
			buildRules = (
			);
			dependencies = (
			);
			name = admod;
			productName = admod;
			productReference = 82578D7D247E635D0023CDA6 /* admod.app */;
			productType = "com.apple.product-type.application";
		};
/* End PBXNativeTarget section */

/* Begin PBXProject section */
		82578D75247E635D0023CDA6 /* Project object */ = {
			isa = PBXProject;
			attributes = {
				LastSwiftUpdateCheck = 1150;
				LastUpgradeCheck = 1150;
				ORGANIZATIONNAME = obeidy;
				TargetAttributes = {
					82578D7C247E635D0023CDA6 = {
						CreatedOnToolsVersion = 11.5;
					};
				};
			};
			buildConfigurationList = 82578D78247E635D0023CDA6 /* Build configuration list for PBXProject "admod" */;
			compatibilityVersion = "Xcode 9.3";
			developmentRegion = en;
			hasScannedForEncodings = 0;
			knownRegions = (
				en,
				Base,
			);
			mainGroup = 82578D74247E635D0023CDA6;
			productRefGroup = 82578D7E247E635D0023CDA6 /* Products */;
			projectDirPath = "";
			projectRoot = "";
			targets = (
				82578D7C247E635D0023CDA6 /* admod */,
			);
		};
/* End PBXProject section */

/* Begin PBXResourcesBuildPhase section */
		82578D7B247E635D0023CDA6 /* Resources */ = {
			isa = PBXResourcesBuildPhase;
			buildActionMask = 2147483647;
			files = (
				82578D8D247E635F0023CDA6 /* LaunchScreen.storyboard in Resources */,
				82578D8A247E635F0023CDA6 /* Assets.xcassets in Resources */,
				82578D88247E635D0023CDA6 /* Main.storyboard in Resources */,
			);
			runOnlyForDeploymentPostprocessing = 0;
		};
/* End PBXResourcesBuildPhase section */

/* Begin PBXShellScriptBuildPhase section */
		7A1BB9A33C9A0D528DAF20F6 /* [CP] Embed Pods Frameworks */ = {
			isa = PBXShellScriptBuildPhase;
			buildActionMask = 2147483647;
			files = (
			);
			inputFileListPaths = (
				"${PODS_ROOT}/Target Support Files/Pods-admod/Pods-admod-frameworks-${CONFIGURATION}-input-files.xcfilelist",
			);
			name = "[CP] Embed Pods Frameworks";
			outputFileListPaths = (
				"${PODS_ROOT}/Target Support Files/Pods-admod/Pods-admod-frameworks-${CONFIGURATION}-output-files.xcfilelist",
			);
			runOnlyForDeploymentPostprocessing = 0;
			shellPath = /bin/sh;
			shellScript = "\"${PODS_ROOT}/Target Support Files/Pods-admod/Pods-admod-frameworks.sh\"\n";
			showEnvVarsInLog = 0;
		};
		FE4A7776A3F3C585F2F0F771 /* [CP] Check Pods Manifest.lock */ = {
			isa = PBXShellScriptBuildPhase;
			buildActionMask = 2147483647;
			files = (
			);
			inputFileListPaths = (
			);
			inputPaths = (
				"${PODS_PODFILE_DIR_PATH}/Podfile.lock",
				"${PODS_ROOT}/Manifest.lock",
			);
			name = "[CP] Check Pods Manifest.lock";
			outputFileListPaths = (
			);
			outputPaths = (
				"$(DERIVED_FILE_DIR)/Pods-admod-checkManifestLockResult.txt",
			);
			runOnlyForDeploymentPostprocessing = 0;
			shellPath = /bin/sh;
			shellScript = "diff \"${PODS_PODFILE_DIR_PATH}/Podfile.lock\" \"${PODS_ROOT}/Manifest.lock\" > /dev/null\nif [ $? != 0 ] ; then\n    # print error to STDERR\n    echo \"error: The sandbox is not in sync with the Podfile.lock. Run 'pod install' or update your CocoaPods installation.\" >&2\n    exit 1\nfi\n# This output is used by Xcode 'outputs' to avoid re-running this script phase.\necho \"SUCCESS\" > \"${SCRIPT_OUTPUT_FILE_0}\"\n";
			showEnvVarsInLog = 0;
		};
/* End PBXShellScriptBuildPhase section */

/* Begin PBXSourcesBuildPhase section */
		82578D79247E635D0023CDA6 /* Sources */ = {
			isa = PBXSourcesBuildPhase;
			buildActionMask = 2147483647;
			files = (
				82578D85247E635D0023CDA6 /* ViewController.swift in Sources */,
				82578D81247E635D0023CDA6 /* AppDelegate.swift in Sources */,
			);
			runOnlyForDeploymentPostprocessing = 0;
		};
/* End PBXSourcesBuildPhase section */

/* Begin PBXVariantGroup section */
		82578D86247E635D0023CDA6 /* Main.storyboard */ = {
			isa = PBXVariantGroup;
			children = (
				82578D87247E635D0023CDA6 /* Base */,
			);
			name = Main.storyboard;
			sourceTree = "<group>";
		};
		82578D8B247E635F0023CDA6 /* LaunchScreen.storyboard */ = {
			isa = PBXVariantGroup;
			children = (
				82578D8C247E635F0023CDA6 /* Base */,
			);
			name = LaunchScreen.storyboard;
			sourceTree = "<group>";
		};
/* End PBXVariantGroup section */

/* Begin XCBuildConfiguration section */
		82578D8F247E635F0023CDA6 /* Debug */ = {
			isa = XCBuildConfiguration;
			buildSettings = {
				ALWAYS_SEARCH_USER_PATHS = NO;
				CLANG_ANALYZER_NONNULL = YES;
				CLANG_ANALYZER_NUMBER_OBJECT_CONVERSION = YES_AGGRESSIVE;
				CLANG_CXX_LANGUAGE_STANDARD = "gnu++14";
				CLANG_CXX_LIBRARY = "libc++";
				CLANG_ENABLE_MODULES = YES;
				CLANG_ENABLE_OBJC_ARC = YES;
				CLANG_ENABLE_OBJC_WEAK = YES;
				CLANG_WARN_BLOCK_CAPTURE_AUTORELEASING = YES;
				CLANG_WARN_BOOL_CONVERSION = YES;
				CLANG_WARN_COMMA = YES;
				CLANG_WARN_CONSTANT_CONVERSION = YES;
				CLANG_WARN_DEPRECATED_OBJC_IMPLEMENTATIONS = YES;
				CLANG_WARN_DIRECT_OBJC_ISA_USAGE = YES_ERROR;
				CLANG_WARN_DOCUMENTATION_COMMENTS = YES;
				CLANG_WARN_EMPTY_BODY = YES;
				CLANG_WARN_ENUM_CONVERSION = YES;
				CLANG_WARN_INFINITE_RECURSION = YES;
				CLANG_WARN_INT_CONVERSION = YES;
				CLANG_WARN_NON_LITERAL_NULL_CONVERSION = YES;
				CLANG_WARN_OBJC_IMPLICIT_RETAIN_SELF = YES;
				CLANG_WARN_OBJC_LITERAL_CONVERSION = YES;
				CLANG_WARN_OBJC_ROOT_CLASS = YES_ERROR;
				CLANG_WARN_RANGE_LOOP_ANALYSIS = YES;
				CLANG_WARN_STRICT_PROTOTYPES = YES;
				CLANG_WARN_SUSPICIOUS_MOVE = YES;
				CLANG_WARN_UNGUARDED_AVAILABILITY = YES_AGGRESSIVE;
				CLANG_WARN_UNREACHABLE_CODE = YES;
				CLANG_WARN__DUPLICATE_METHOD_MATCH = YES;
				COPY_PHASE_STRIP = NO;
				DEBUG_INFORMATION_FORMAT = dwarf;
				ENABLE_STRICT_OBJC_MSGSEND = YES;
				ENABLE_TESTABILITY = YES;
				GCC_C_LANGUAGE_STANDARD = gnu11;
				GCC_DYNAMIC_NO_PIC = NO;
				GCC_NO_COMMON_BLOCKS = YES;
				GCC_OPTIMIZATION_LEVEL = 0;
				GCC_PREPROCESSOR_DEFINITIONS = (
					"DEBUG=1",
					"$(inherited)",
				);
				GCC_WARN_64_TO_32_BIT_CONVERSION = YES;
				GCC_WARN_ABOUT_RETURN_TYPE = YES_ERROR;
				GCC_WARN_UNDECLARED_SELECTOR = YES;
				GCC_WARN_UNINITIALIZED_AUTOS = YES_AGGRESSIVE;
				GCC_WARN_UNUSED_FUNCTION = YES;
				GCC_WARN_UNUSED_VARIABLE = YES;
				IPHONEOS_DEPLOYMENT_TARGET = 13.5;
				MTL_ENABLE_DEBUG_INFO = INCLUDE_SOURCE;
				MTL_FAST_MATH = YES;
				ONLY_ACTIVE_ARCH = YES;
				SDKROOT = iphoneos;
				SWIFT_ACTIVE_COMPILATION_CONDITIONS = DEBUG;
				SWIFT_OPTIMIZATION_LEVEL = "-Onone";
			};
			name = Debug;
		};
		82578D90247E635F0023CDA6 /* Release */ = {
			isa = XCBuildConfiguration;
			buildSettings = {
				ALWAYS_SEARCH_USER_PATHS = NO;
				CLANG_ANALYZER_NONNULL = YES;
				CLANG_ANALYZER_NUMBER_OBJECT_CONVERSION = YES_AGGRESSIVE;
				CLANG_CXX_LANGUAGE_STANDARD = "gnu++14";
				CLANG_CXX_LIBRARY = "libc++";
				CLANG_ENABLE_MODULES = YES;
				CLANG_ENABLE_OBJC_ARC = YES;
				CLANG_ENABLE_OBJC_WEAK = YES;
				CLANG_WARN_BLOCK_CAPTURE_AUTORELEASING = YES;
				CLANG_WARN_BOOL_CONVERSION = YES;
				CLANG_WARN_COMMA = YES;
				CLANG_WARN_CONSTANT_CONVERSION = YES;
				CLANG_WARN_DEPRECATED_OBJC_IMPLEMENTATIONS = YES;
				CLANG_WARN_DIRECT_OBJC_ISA_USAGE = YES_ERROR;
				CLANG_WARN_DOCUMENTATION_COMMENTS = YES;
				CLANG_WARN_EMPTY_BODY = YES;
				CLANG_WARN_ENUM_CONVERSION = YES;
				CLANG_WARN_INFINITE_RECURSION = YES;
				CLANG_WARN_INT_CONVERSION = YES;
				CLANG_WARN_NON_LITERAL_NULL_CONVERSION = YES;
				CLANG_WARN_OBJC_IMPLICIT_RETAIN_SELF = YES;
				CLANG_WARN_OBJC_LITERAL_CONVERSION = YES;
				CLANG_WARN_OBJC_ROOT_CLASS = YES_ERROR;
				CLANG_WARN_RANGE_LOOP_ANALYSIS = YES;
				CLANG_WARN_STRICT_PROTOTYPES = YES;
				CLANG_WARN_SUSPICIOUS_MOVE = YES;
				CLANG_WARN_UNGUARDED_AVAILABILITY = YES_AGGRESSIVE;
				CLANG_WARN_UNREACHABLE_CODE = YES;
				CLANG_WARN__DUPLICATE_METHOD_MATCH = YES;
				COPY_PHASE_STRIP = NO;
				DEBUG_INFORMATION_FORMAT = "dwarf-with-dsym";
				ENABLE_NS_ASSERTIONS = NO;
				ENABLE_STRICT_OBJC_MSGSEND = YES;
				GCC_C_LANGUAGE_STANDARD = gnu11;
				GCC_NO_COMMON_BLOCKS = YES;
				GCC_WARN_64_TO_32_BIT_CONVERSION = YES;
				GCC_WARN_ABOUT_RETURN_TYPE = YES_ERROR;
				GCC_WARN_UNDECLARED_SELECTOR = YES;
				GCC_WARN_UNINITIALIZED_AUTOS = YES_AGGRESSIVE;
				GCC_WARN_UNUSED_FUNCTION = YES;
				GCC_WARN_UNUSED_VARIABLE = YES;
				IPHONEOS_DEPLOYMENT_TARGET = 13.5;
				MTL_ENABLE_DEBUG_INFO = NO;
				MTL_FAST_MATH = YES;
				SDKROOT = iphoneos;
				SWIFT_COMPILATION_MODE = wholemodule;
				SWIFT_OPTIMIZATION_LEVEL = "-O";
				VALIDATE_PRODUCT = YES;
			};
			name = Release;
		};
		82578D92247E635F0023CDA6 /* Debug */ = {
			isa = XCBuildConfiguration;
			baseConfigurationReference = 644645EC531500F0CF5975B5 /* Pods-admod.debug.xcconfig */;
			buildSettings = {
				ASSETCATALOG_COMPILER_APPICON_NAME = AppIcon;
				CODE_SIGN_STYLE = Automatic;
				DEVELOPMENT_TEAM = MAD2M75A5F;
				INFOPLIST_FILE = admod/Info.plist;
				LD_RUNPATH_SEARCH_PATHS = (
					"$(inherited)",
					"@executable_path/Frameworks",
				);
				PRODUCT_BUNDLE_IDENTIFIER = com.admod;
				PRODUCT_NAME = "$(TARGET_NAME)";
				SWIFT_VERSION = 5.0;
				TARGETED_DEVICE_FAMILY = "1,2";
			};
			name = Debug;
		};
		82578D93247E635F0023CDA6 /* Release */ = {
			isa = XCBuildConfiguration;
			baseConfigurationReference = 27200117549FBD0A0E2EE0A5 /* Pods-admod.release.xcconfig */;
			buildSettings = {
				ASSETCATALOG_COMPILER_APPICON_NAME = AppIcon;
				CODE_SIGN_STYLE = Automatic;
				DEVELOPMENT_TEAM = MAD2M75A5F;
				INFOPLIST_FILE = admod/Info.plist;
				LD_RUNPATH_SEARCH_PATHS = (
					"$(inherited)",
					"@executable_path/Frameworks",
				);
				PRODUCT_BUNDLE_IDENTIFIER = com.admod;
				PRODUCT_NAME = "$(TARGET_NAME)";
				SWIFT_VERSION = 5.0;
				TARGETED_DEVICE_FAMILY = "1,2";
			};
			name = Release;
		};
/* End XCBuildConfiguration section */

/* Begin XCConfigurationList section */
		82578D78247E635D0023CDA6 /* Build configuration list for PBXProject "admod" */ = {
			isa = XCConfigurationList;
			buildConfigurations = (
				82578D8F247E635F0023CDA6 /* Debug */,
				82578D90247E635F0023CDA6 /* Release */,
			);
			defaultConfigurationIsVisible = 0;
			defaultConfigurationName = Release;
		};
		82578D91247E635F0023CDA6 /* Build configuration list for PBXNativeTarget "admod" */ = {
			isa = XCConfigurationList;
			buildConfigurations = (
				82578D92247E635F0023CDA6 /* Debug */,
				82578D93247E635F0023CDA6 /* Release */,
			);
			defaultConfigurationIsVisible = 0;
			defaultConfigurationName = Release;
		};
/* End XCConfigurationList section */
	};
	rootObject = 82578D75247E635D0023CDA6 /* Project object */;
}
